// !$*UTF8*$!
{
	archiveVersion = 1;
	classes = {
	};
	objectVersion = 46;
	objects = {

/* Begin PBXBuildFile section */
		C4867ADB1A455E2300D3347A /* AppDelegate.swift in Sources */ = {isa = PBXBuildFile; fileRef = C4867ADA1A455E2300D3347A /* AppDelegate.swift */; };
		C4867AE01A455E2300D3347A /* Main.storyboard in Resources */ = {isa = PBXBuildFile; fileRef = C4867ADE1A455E2300D3347A /* Main.storyboard */; };
		C4867AE21A455E2300D3347A /* Images.xcassets in Resources */ = {isa = PBXBuildFile; fileRef = C4867AE11A455E2300D3347A /* Images.xcassets */; };
		C4867AE51A455E2300D3347A /* LaunchScreen.xib in Resources */ = {isa = PBXBuildFile; fileRef = C4867AE31A455E2300D3347A /* LaunchScreen.xib */; };
		C4867AF11A455E2400D3347A /* photolistTests.swift in Sources */ = {isa = PBXBuildFile; fileRef = C4867AF01A455E2400D3347A /* photolistTests.swift */; };
		C4867AFB1A45655600D3347A /* Photo.swift in Sources */ = {isa = PBXBuildFile; fileRef = C4867AFA1A45655600D3347A /* Photo.swift */; };
		C4867AFD1A45661E00D3347A /* PhotosTableViewController.swift in Sources */ = {isa = PBXBuildFile; fileRef = C4867AFC1A45661E00D3347A /* PhotosTableViewController.swift */; };
		C4867AFF1A45665A00D3347A /* DisplayViewController.swift in Sources */ = {isa = PBXBuildFile; fileRef = C4867AFE1A45665A00D3347A /* DisplayViewController.swift */; };
		C4867B011A45666900D3347A /* InfoViewController.swift in Sources */ = {isa = PBXBuildFile; fileRef = C4867B001A45666900D3347A /* InfoViewController.swift */; };
/* End PBXBuildFile section */

/* Begin PBXContainerItemProxy section */
		C4867AEB1A455E2300D3347A /* PBXContainerItemProxy */ = {
			isa = PBXContainerItemProxy;
			containerPortal = C4867ACD1A455E2300D3347A /* Project object */;
			proxyType = 1;
			remoteGlobalIDString = C4867AD41A455E2300D3347A;
			remoteInfo = photolist;
		};
/* End PBXContainerItemProxy section */

/* Begin PBXFileReference section */
		C4867AD51A455E2300D3347A /* photolist.app */ = {isa = PBXFileReference; explicitFileType = wrapper.application; includeInIndex = 0; path = photolist.app; sourceTree = BUILT_PRODUCTS_DIR; };
		C4867AD91A455E2300D3347A /* Info.plist */ = {isa = PBXFileReference; lastKnownFileType = text.plist.xml; path = Info.plist; sourceTree = "<group>"; };
		C4867ADA1A455E2300D3347A /* AppDelegate.swift */ = {isa = PBXFileReference; lastKnownFileType = sourcecode.swift; path = AppDelegate.swift; sourceTree = "<group>"; };
		C4867ADF1A455E2300D3347A /* Base */ = {isa = PBXFileReference; lastKnownFileType = file.storyboard; name = Base; path = Base.lproj/Main.storyboard; sourceTree = "<group>"; };
		C4867AE11A455E2300D3347A /* Images.xcassets */ = {isa = PBXFileReference; lastKnownFileType = folder.assetcatalog; path = Images.xcassets; sourceTree = "<group>"; };
		C4867AE41A455E2300D3347A /* Base */ = {isa = PBXFileReference; lastKnownFileType = file.xib; name = Base; path = Base.lproj/LaunchScreen.xib; sourceTree = "<group>"; };
		C4867AEA1A455E2300D3347A /* photolistTests.xctest */ = {isa = PBXFileReference; explicitFileType = wrapper.cfbundle; includeInIndex = 0; path = photolistTests.xctest; sourceTree = BUILT_PRODUCTS_DIR; };
		C4867AEF1A455E2300D3347A /* Info.plist */ = {isa = PBXFileReference; lastKnownFileType = text.plist.xml; path = Info.plist; sourceTree = "<group>"; };
		C4867AF01A455E2400D3347A /* photolistTests.swift */ = {isa = PBXFileReference; lastKnownFileType = sourcecode.swift; path = photolistTests.swift; sourceTree = "<group>"; };
		C4867AFA1A45655600D3347A /* Photo.swift */ = {isa = PBXFileReference; fileEncoding = 4; lastKnownFileType = sourcecode.swift; name = Photo.swift; path = photolist/Photo.swift; sourceTree = "<group>"; };
		C4867AFC1A45661E00D3347A /* PhotosTableViewController.swift */ = {isa = PBXFileReference; fileEncoding = 4; lastKnownFileType = sourcecode.swift; path = PhotosTableViewController.swift; sourceTree = "<group>"; };
		C4867AFE1A45665A00D3347A /* DisplayViewController.swift */ = {isa = PBXFileReference; fileEncoding = 4; lastKnownFileType = sourcecode.swift; path = DisplayViewController.swift; sourceTree = "<group>"; };
		C4867B001A45666900D3347A /* InfoViewController.swift */ = {isa = PBXFileReference; fileEncoding = 4; lastKnownFileType = sourcecode.swift; path = InfoViewController.swift; sourceTree = "<group>"; };
/* End PBXFileReference section */

/* Begin PBXFrameworksBuildPhase section */
		C4867AD21A455E2300D3347A /* Frameworks */ = {
			isa = PBXFrameworksBuildPhase;
			buildActionMask = 2147483647;
			files = (
			);
			runOnlyForDeploymentPostprocessing = 0;
		};
		C4867AE71A455E2300D3347A /* Frameworks */ = {
			isa = PBXFrameworksBuildPhase;
			buildActionMask = 2147483647;
			files = (
			);
			runOnlyForDeploymentPostprocessing = 0;
		};
/* End PBXFrameworksBuildPhase section */

/* Begin PBXGroup section */
		C4867ACC1A455E2300D3347A = {
			isa = PBXGroup;
			children = (
				C4867AFA1A45655600D3347A /* Photo.swift */,
				C4867AD71A455E2300D3347A /* photolist */,
				C4867AED1A455E2300D3347A /* photolistTests */,
				C4867AD61A455E2300D3347A /* Products */,
			);
			sourceTree = "<group>";
		};
		C4867AD61A455E2300D3347A /* Products */ = {
			isa = PBXGroup;
			children = (
				C4867AD51A455E2300D3347A /* photolist.app */,
				C4867AEA1A455E2300D3347A /* photolistTests.xctest */,
			);
			name = Products;
			sourceTree = "<group>";
		};
		C4867AD71A455E2300D3347A /* photolist */ = {
			isa = PBXGroup;
			children = (
				C4867ADA1A455E2300D3347A /* AppDelegate.swift */,
				C4867ADE1A455E2300D3347A /* Main.storyboard */,
				C4867AFC1A45661E00D3347A /* PhotosTableViewController.swift */,
				C4867AFE1A45665A00D3347A /* DisplayViewController.swift */,
				C4867B001A45666900D3347A /* InfoViewController.swift */,
				C4867AE11A455E2300D3347A /* Images.xcassets */,
				C4867AE31A455E2300D3347A /* LaunchScreen.xib */,
				C4867AD81A455E2300D3347A /* Supporting Files */,
			);
			path = photolist;
			sourceTree = "<group>";
		};
		C4867AD81A455E2300D3347A /* Supporting Files */ = {
			isa = PBXGroup;
			children = (
				C4867AD91A455E2300D3347A /* Info.plist */,
			);
			name = "Supporting Files";
			sourceTree = "<group>";
		};
		C4867AED1A455E2300D3347A /* photolistTests */ = {
			isa = PBXGroup;
			children = (
				C4867AF01A455E2400D3347A /* photolistTests.swift */,
				C4867AEE1A455E2300D3347A /* Supporting Files */,
			);
			path = photolistTests;
			sourceTree = "<group>";
		};
		C4867AEE1A455E2300D3347A /* Supporting Files */ = {
			isa = PBXGroup;
			children = (
				C4867AEF1A455E2300D3347A /* Info.plist */,
			);
			name = "Supporting Files";
			sourceTree = "<group>";
		};
/* End PBXGroup section */

/* Begin PBXNativeTarget section */
		C4867AD41A455E2300D3347A /* photolist */ = {
			isa = PBXNativeTarget;
			buildConfigurationList = C4867AF41A455E2400D3347A /* Build configuration list for PBXNativeTarget "photolist" */;
			buildPhases = (
				C4867AD11A455E2300D3347A /* Sources */,
				C4867AD21A455E2300D3347A /* Frameworks */,
				C4867AD31A455E2300D3347A /* Resources */,
			);
			buildRules = (
			);
			dependencies = (
			);
			name = photolist;
			productName = photolist;
			productReference = C4867AD51A455E2300D3347A /* photolist.app */;
			productType = "com.apple.product-type.application";
		};
		C4867AE91A455E2300D3347A /* photolistTests */ = {
			isa = PBXNativeTarget;
			buildConfigurationList = C4867AF71A455E2400D3347A /* Build configuration list for PBXNativeTarget "photolistTests" */;
			buildPhases = (
				C4867AE61A455E2300D3347A /* Sources */,
				C4867AE71A455E2300D3347A /* Frameworks */,
				C4867AE81A455E2300D3347A /* Resources */,
			);
			buildRules = (
			);
			dependencies = (
				C4867AEC1A455E2300D3347A /* PBXTargetDependency */,
			);
			name = photolistTests;
			productName = photolistTests;
			productReference = C4867AEA1A455E2300D3347A /* photolistTests.xctest */;
			productType = "com.apple.product-type.bundle.unit-test";
		};
/* End PBXNativeTarget section */

/* Begin PBXProject section */
		C4867ACD1A455E2300D3347A /* Project object */ = {
			isa = PBXProject;
			attributes = {
				LastUpgradeCheck = 0610;
				ORGANIZATIONNAME = "Wei Dai";
				TargetAttributes = {
					C4867AD41A455E2300D3347A = {
						CreatedOnToolsVersion = 6.1.1;
					};
					C4867AE91A455E2300D3347A = {
						CreatedOnToolsVersion = 6.1.1;
						TestTargetID = C4867AD41A455E2300D3347A;
					};
				};
			};
			buildConfigurationList = C4867AD01A455E2300D3347A /* Build configuration list for PBXProject "photolist" */;
			compatibilityVersion = "Xcode 3.2";
			developmentRegion = English;
			hasScannedForEncodings = 0;
			knownRegions = (
				en,
				Base,
			);
			mainGroup = C4867ACC1A455E2300D3347A;
			productRefGroup = C4867AD61A455E2300D3347A /* Products */;
			projectDirPath = "";
			projectRoot = "";
			targets = (
				C4867AD41A455E2300D3347A /* photolist */,
				C4867AE91A455E2300D3347A /* photolistTests */,
			);
		};
/* End PBXProject section */

/* Begin PBXResourcesBuildPhase section */
		C4867AD31A455E2300D3347A /* Resources */ = {
			isa = PBXResourcesBuildPhase;
			buildActionMask = 2147483647;
			files = (
				C4867AE01A455E2300D3347A /* Main.storyboard in Resources */,
				C4867AE51A455E2300D3347A /* LaunchScreen.xib in Resources */,
				C4867AE21A455E2300D3347A /* Images.xcassets in Resources */,
			);
			runOnlyForDeploymentPostprocessing = 0;
		};
		C4867AE81A455E2300D3347A /* Resources */ = {
			isa = PBXResourcesBuildPhase;
			buildActionMask = 2147483647;
			files = (
			);
			runOnlyForDeploymentPostprocessing = 0;
		};
/* End PBXResourcesBuildPhase section */

/* Begin PBXSourcesBuildPhase section */
		C4867AD11A455E2300D3347A /* Sources */ = {
			isa = PBXSourcesBuildPhase;
			buildActionMask = 2147483647;
			files = (
				C4867AFB1A45655600D3347A /* Photo.swift in Sources */,
				C4867ADB1A455E2300D3347A /* AppDelegate.swift in Sources */,
				C4867AFD1A45661E00D3347A /* PhotosTableViewController.swift in Sources */,
				C4867AFF1A45665A00D3347A /* DisplayViewController.swift in Sources */,
				C4867B011A45666900D3347A /* InfoViewController.swift in Sources */,
			);
			runOnlyForDeploymentPostprocessing = 0;
		};
		C4867AE61A455E2300D3347A /* Sources */ = {
			isa = PBXSourcesBuildPhase;
			buildActionMask = 2147483647;
			files = (
				C4867AF11A455E2400D3347A /* photolistTests.swift in Sources */,
			);
			runOnlyForDeploymentPostprocessing = 0;
		};
/* End PBXSourcesBuildPhase section */

/* Begin PBXTargetDependency section */
		C4867AEC1A455E2300D3347A /* PBXTargetDependency */ = {
			isa = PBXTargetDependency;
			target = C4867AD41A455E2300D3347A /* photolist */;
			targetProxy = C4867AEB1A455E2300D3347A /* PBXContainerItemProxy */;
		};
/* End PBXTargetDependency section */

/* Begin PBXVariantGroup section */
		C4867ADE1A455E2300D3347A /* Main.storyboard */ = {
			isa = PBXVariantGroup;
			children = (
				C4867ADF1A455E2300D3347A /* Base */,
			);
			name = Main.storyboard;
			sourceTree = "<group>";
		};
		C4867AE31A455E2300D3347A /* LaunchScreen.xib */ = {
			isa = PBXVariantGroup;
			children = (
				C4867AE41A455E2300D3347A /* Base */,
			);
			name = LaunchScreen.xib;
			sourceTree = "<group>";
		};
/* End PBXVariantGroup section */

/* Begin XCBuildConfiguration section */
		C4867AF21A455E2400D3347A /* Debug */ = {
			isa = XCBuildConfiguration;
			buildSettings = {
				ALWAYS_SEARCH_USER_PATHS = NO;
				CLANG_CXX_LANGUAGE_STANDARD = "gnu++0x";
				CLANG_CXX_LIBRARY = "libc++";
				CLANG_ENABLE_MODULES = YES;
				CLANG_ENABLE_OBJC_ARC = YES;
				CLANG_WARN_BOOL_CONVERSION = YES;
				CLANG_WARN_CONSTANT_CONVERSION = YES;
				CLANG_WARN_DIRECT_OBJC_ISA_USAGE = YES_ERROR;
				CLANG_WARN_EMPTY_BODY = YES;
				CLANG_WARN_ENUM_CONVERSION = YES;
				CLANG_WARN_INT_CONVERSION = YES;
				CLANG_WARN_OBJC_ROOT_CLASS = YES_ERROR;
				CLANG_WARN_UNREACHABLE_CODE = YES;
				CLANG_WARN__DUPLICATE_METHOD_MATCH = YES;
				"CODE_SIGN_IDENTITY[sdk=iphoneos*]" = "iPhone Developer";
				COPY_PHASE_STRIP = NO;
				ENABLE_STRICT_OBJC_MSGSEND = YES;
				GCC_C_LANGUAGE_STANDARD = gnu99;
				GCC_DYNAMIC_NO_PIC = NO;
				GCC_OPTIMIZATION_LEVEL = 0;
				GCC_PREPROCESSOR_DEFINITIONS = (
					"DEBUG=1",
					"$(inherited)",
				);
				GCC_SYMBOLS_PRIVATE_EXTERN = NO;
				GCC_WARN_64_TO_32_BIT_CONVERSION = YES;
				GCC_WARN_ABOUT_RETURN_TYPE = YES_ERROR;
				GCC_WARN_UNDECLARED_SELECTOR = YES;
				GCC_WARN_UNINITIALIZED_AUTOS = YES_AGGRESSIVE;
				GCC_WARN_UNUSED_FUNCTION = YES;
				GCC_WARN_UNUSED_VARIABLE = YES;
				IPHONEOS_DEPLOYMENT_TARGET = 8.1;
				MTL_ENABLE_DEBUG_INFO = YES;
				ONLY_ACTIVE_ARCH = YES;
				SDKROOT = iphoneos;
				SWIFT_OPTIMIZATION_LEVEL = "-Onone";
			};
			name = Debug;
		};
		C4867AF31A455E2400D3347A /* Release */ = {
			isa = XCBuildConfiguration;
			buildSettings = {
				ALWAYS_SEARCH_USER_PATHS = NO;
				CLANG_CXX_LANGUAGE_STANDARD = "gnu++0x";
				CLANG_CXX_LIBRARY = "libc++";
				CLANG_ENABLE_MODULES = YES;
				CLANG_ENABLE_OBJC_ARC = YES;
				CLANG_WARN_BOOL_CONVERSION = YES;
				CLANG_WARN_CONSTANT_CONVERSION = YES;
				CLANG_WARN_DIRECT_OBJC_ISA_USAGE = YES_ERROR;
				CLANG_WARN_EMPTY_BODY = YES;
				CLANG_WARN_ENUM_CONVERSION = YES;
				CLANG_WARN_INT_CONVERSION = YES;
				CLANG_WARN_OBJC_ROOT_CLASS = YES_ERROR;
				CLANG_WARN_UNREACHABLE_CODE = YES;
				CLANG_WARN__DUPLICATE_METHOD_MATCH = YES;
				"CODE_SIGN_IDENTITY[sdk=iphoneos*]" = "iPhone Developer";
				COPY_PHASE_STRIP = YES;
				ENABLE_NS_ASSERTIONS = NO;
				ENABLE_STRICT_OBJC_MSGSEND = YES;
				GCC_C_LANGUAGE_STANDARD = gnu99;
				GCC_WARN_64_TO_32_BIT_CONVERSION = YES;
				GCC_WARN_ABOUT_RETURN_TYPE = YES_ERROR;
				GCC_WARN_UNDECLARED_SELECTOR = YES;
				GCC_WARN_UNINITIALIZED_AUTOS = YES_AGGRESSIVE;
				GCC_WARN_UNUSED_FUNCTION = YES;
				GCC_WARN_UNUSED_VARIABLE = YES;
				IPHONEOS_DEPLOYMENT_TARGET = 8.1;
				MTL_ENABLE_DEBUG_INFO = NO;
				SDKROOT = iphoneos;
				VALIDATE_PRODUCT = YES;
			};
			name = Release;
		};
		C4867AF51A455E2400D3347A /* Debug */ = {
			isa = XCBuildConfiguration;
			buildSettings = {
				ASSETCATALOG_COMPILER_APPICON_NAME = AppIcon;
				CODE_SIGN_IDENTITY = "iPhone Developer";
				INFOPLIST_FILE = photolist/Info.plist;
				LD_RUNPATH_SEARCH_PATHS = "$(inherited) @executable_path/Frameworks";
				PRODUCT_NAME = "$(TARGET_NAME)";
			};
			name = Debug;
		};
		C4867AF61A455E2400D3347A /* Release */ = {
			isa = XCBuildConfiguration;
			buildSettings = {
				ASSETCATALOG_COMPILER_APPICON_NAME = AppIcon;
				CODE_SIGN_IDENTITY = "iPhone Developer";
				INFOPLIST_FILE = photolist/Info.plist;
				LD_RUNPATH_SEARCH_PATHS = "$(inherited) @executable_path/Frameworks";
				PRODUCT_NAME = "$(TARGET_NAME)";
			};
			name = Release;
		};
		C4867AF81A455E2400D3347A /* Debug */ = {
			isa = XCBuildConfiguration;
			buildSettings = {
				BUNDLE_LOADER = "$(TEST_HOST)";
				FRAMEWORK_SEARCH_PATHS = (
					"$(SDKROOT)/Developer/Library/Frameworks",
					"$(inherited)",
				);
				GCC_PREPROCESSOR_DEFINITIONS = (
					"DEBUG=1",
					"$(inherited)",
				);
				INFOPLIST_FILE = photolistTests/Info.plist;
				LD_RUNPATH_SEARCH_PATHS = "$(inherited) @executable_path/Frameworks @loader_path/Frameworks";
				PRODUCT_NAME = "$(TARGET_NAME)";
				TEST_HOST = "$(BUILT_PRODUCTS_DIR)/photolist.app/photolist";
			};
			name = Debug;
		};
		C4867AF91A455E2400D3347A /* Release */ = {
			isa = XCBuildConfiguration;
			buildSettings = {
				BUNDLE_LOADER = "$(TEST_HOST)";
				FRAMEWORK_SEARCH_PATHS = (
					"$(SDKROOT)/Developer/Library/Frameworks",
					"$(inherited)",
				);
				INFOPLIST_FILE = photolistTests/Info.plist;
				LD_RUNPATH_SEARCH_PATHS = "$(inherited) @executable_path/Frameworks @loader_path/Frameworks";
				PRODUCT_NAME = "$(TARGET_NAME)";
				TEST_HOST = "$(BUILT_PRODUCTS_DIR)/photolist.app/photolist";
			};
			name = Release;
		};
/* End XCBuildConfiguration section */

/* Begin XCConfigurationList section */
		C4867AD01A455E2300D3347A /* Build configuration list for PBXProject "photolist" */ = {
			isa = XCConfigurationList;
			buildConfigurations = (
				C4867AF21A455E2400D3347A /* Debug */,
				C4867AF31A455E2400D3347A /* Release */,
			);
			defaultConfigurationIsVisible = 0;
			defaultConfigurationName = Release;
		};
		C4867AF41A455E2400D3347A /* Build configuration list for PBXNativeTarget "photolist" */ = {
			isa = XCConfigurationList;
			buildConfigurations = (
				C4867AF51A455E2400D3347A /* Debug */,
				C4867AF61A455E2400D3347A /* Release */,
			);
			defaultConfigurationIsVisible = 0;
		};
		C4867AF71A455E2400D3347A /* Build configuration list for PBXNativeTarget "photolistTests" */ = {
			isa = XCConfigurationList;
			buildConfigurations = (
				C4867AF81A455E2400D3347A /* Debug */,
				C4867AF91A455E2400D3347A /* Release */,
			);
			defaultConfigurationIsVisible = 0;
		};
/* End XCConfigurationList section */
	};
	rootObject = C4867ACD1A455E2300D3347A /* Project object */;
}
